
Microsoft Visual Studio Solution File, Format Version 12.00
# Visual Studio Version 16
VisualStudioVersion = 16.0.32228.343
MinimumVisualStudioVersion = 10.0.40219.1
Project("{FAE04EC0-301F-11D3-BF4B-00C04F79EFBC}") = "GraphicsApp", "GraphicsApp.csproj", "{97DD3D6A-7287-4A0F-95EF-17D2ED0E103A}"
EndProject
Global
	GlobalSection(SolutionConfigurationPlatforms) = preSolution
		Debug|Any CPU = Debug|Any CPU
		Release|Any CPU = Release|Any CPU
	EndGlobalSection
	GlobalSection(ProjectConfigurationPlatforms) = postSolution
		{97DD3D6A-7287-4A0F-95EF-17D2ED0E103A}.Debug|Any CPU.ActiveCfg = Debug|Any CPU
		{97DD3D6A-7287-4A0F-95EF-17D2ED0E103A}.Debug|Any CPU.Build.0 = Debug|Any CPU
		{97DD3D6A-7287-4A0F-95EF-17D2ED0E103A}.Release|Any CPU.ActiveCfg = Release|Any CPU
		{97DD3D6A-7287-4A0F-95EF-17D2ED0E103A}.Release|Any CPU.Build.0 = Release|Any CPU
	EndGlobalSection
	GlobalSection(SolutionProperties) = preSolution
		HideSolutionNode = FALSE
	EndGlobalSection
	GlobalSection(ExtensibilityGlobals) = postSolution
		SolutionGuid = {C1F87924-831D-4D30-9D4A-C676BC917178}
	EndGlobalSection
EndGlobal
